
Microsoft Visual Studio Solution File, Format Version 12.00
# Visual Studio Version 17
VisualStudioVersion = 17.4.33213.308
MinimumVisualStudioVersion = 10.0.40219.1
Project("{FAE04EC0-301F-11D3-BF4B-00C04F79EFBC}") = "ServicioWeb", "ServicioWeb.csproj", "{2EE8B77F-44B8-4E07-B716-DEF14F815E3B}"
EndProject
Global
	GlobalSection(SolutionConfigurationPlatforms) = preSolution
		Debug|Any CPU = Debug|Any CPU
		Release|Any CPU = Release|Any CPU
	EndGlobalSection
	GlobalSection(ProjectConfigurationPlatforms) = postSolution
		{2EE8B77F-44B8-4E07-B716-DEF14F815E3B}.Debug|Any CPU.ActiveCfg = Debug|Any CPU
		{2EE8B77F-44B8-4E07-B716-DEF14F815E3B}.Debug|Any CPU.Build.0 = Debug|Any CPU
		{2EE8B77F-44B8-4E07-B716-DEF14F815E3B}.Release|Any CPU.ActiveCfg = Release|Any CPU
		{2EE8B77F-44B8-4E07-B716-DEF14F815E3B}.Release|Any CPU.Build.0 = Release|Any CPU
	EndGlobalSection
	GlobalSection(SolutionProperties) = preSolution
		HideSolutionNode = FALSE
	EndGlobalSection
	GlobalSection(ExtensibilityGlobals) = postSolution
		SolutionGuid = {F887CF23-DAF2-49D8-8E8A-341CD3E494AB}
	EndGlobalSection
EndGlobal
